# This file is automatically @generated by Cargo.
# It is not intended for manual editing.
version = 4

[[package]]
name = "oas-can"
version = "0.1.0"
source = "git+https://github.com/oas-ai/can.git?rev=819dcda4304d5641d0576069ec38886d56ef22e5#819dcda4304d5641d0576069ec38886d56ef22e5"

[[package]]
name = "oas-car"
version = "0.1.0"
dependencies = [
 "oas-can",
]
