# This file is automatically @generated by Cargo.
# It is not intended for manual editing.
version = 4

[[package]]
name = "oas-can"
version = "0.1.0"
source = "git+https://github.com/oas-ai/can.git?rev=c9c44b452be3aa53fd132520896bbf1ab4ae2e54#c9c44b452be3aa53fd132520896bbf1ab4ae2e54"

[[package]]
name = "oas-car"
version = "0.1.0"
dependencies = [
 "oas-can",
]
