# This file is automatically @generated by Cargo.
# It is not intended for manual editing.
version = 4

[[package]]
name = "oas-can"
version = "0.1.0"
source = "git+https://github.com/oas-ai/can.git?rev=87dbf2e2ffc54b25cfade8f5f8b23b19456cfbb2#87dbf2e2ffc54b25cfade8f5f8b23b19456cfbb2"

[[package]]
name = "oas-car"
version = "0.1.0"
dependencies = [
 "oas-can",
]
